Microsoft Visual Studio Solution File, Format Version 12.00
# Visual Studio 15
Project("{FAE04EC0-301F-11D3-BF4B-00C04F79EFBC}") = "Triangle.AbstractMachine", "Triangle.AbstractMachine\Triangle.AbstractMachine.csproj", "{A83E38A4-6F39-41B0-AAD2-8509754589E0}"
EndProject
Project("{FAE04EC0-301F-11D3-BF4B-00C04F79EFBC}") = "Triangle.Compiler", "Triangle.Compiler\Triangle.Compiler.csproj", "{FCB0186D-7507-4096-8496-3C238677E156}"
EndProject
Project("{FAE04EC0-301F-11D3-BF4B-00C04F79EFBC}") = "Triangle.AbstractMachine.Disassembler", "Triangle.AbstractMachine.Disassembler\Triangle.AbstractMachine.Disassembler.csproj", "{003D6E8F-5AAA-44EA-BFDE-CDFEE7D320C0}"
EndProject
Project("{FAE04EC0-301F-11D3-BF4B-00C04F79EFBC}") = "Triangle.AbstractMachine.Interpreter", "Triangle.AbstractMachine.Interpreter\Triangle.AbstractMachine.Interpreter.csproj", "{E6E9E6BA-9A3E-4E3B-8E5A-54A8B35EB954}"
EndProject
Global
	GlobalSection(SolutionConfigurationPlatforms) = preSolution
		Debug|Any CPU = Debug|Any CPU
		Release|Any CPU = Release|Any CPU
	EndGlobalSection
	GlobalSection(ProjectConfigurationPlatforms) = postSolution
		{A83E38A4-6F39-41B0-AAD2-8509754589E0}.Debug|Any CPU.ActiveCfg = Debug|Any CPU
		{A83E38A4-6F39-41B0-AAD2-8509754589E0}.Debug|Any CPU.Build.0 = Debug|Any CPU
		{A83E38A4-6F39-41B0-AAD2-8509754589E0}.Release|Any CPU.ActiveCfg = Release|Any CPU
		{A83E38A4-6F39-41B0-AAD2-8509754589E0}.Release|Any CPU.Build.0 = Release|Any CPU
		{FCB0186D-7507-4096-8496-3C238677E156}.Debug|Any CPU.ActiveCfg = Debug|Any CPU
		{FCB0186D-7507-4096-8496-3C238677E156}.Debug|Any CPU.Build.0 = Debug|Any CPU
		{FCB0186D-7507-4096-8496-3C238677E156}.Release|Any CPU.ActiveCfg = Release|Any CPU
		{FCB0186D-7507-4096-8496-3C238677E156}.Release|Any CPU.Build.0 = Release|Any CPU
		{003D6E8F-5AAA-44EA-BFDE-CDFEE7D320C0}.Debug|Any CPU.ActiveCfg = Debug|Any CPU
		{003D6E8F-5AAA-44EA-BFDE-CDFEE7D320C0}.Debug|Any CPU.Build.0 = Debug|Any CPU
		{003D6E8F-5AAA-44EA-BFDE-CDFEE7D320C0}.Release|Any CPU.ActiveCfg = Release|Any CPU
		{003D6E8F-5AAA-44EA-BFDE-CDFEE7D320C0}.Release|Any CPU.Build.0 = Release|Any CPU
		{E6E9E6BA-9A3E-4E3B-8E5A-54A8B35EB954}.Debug|Any CPU.ActiveCfg = Debug|Any CPU
		{E6E9E6BA-9A3E-4E3B-8E5A-54A8B35EB954}.Debug|Any CPU.Build.0 = Debug|Any CPU
		{E6E9E6BA-9A3E-4E3B-8E5A-54A8B35EB954}.Release|Any CPU.ActiveCfg = Release|Any CPU
		{E6E9E6BA-9A3E-4E3B-8E5A-54A8B35EB954}.Release|Any CPU.Build.0 = Release|Any CPU
	EndGlobalSection
EndGlobal
